
Microsoft Visual Studio Solution File, Format Version 12.00
# Visual Studio Version 17
VisualStudioVersion = 17.6.33829.357
MinimumVisualStudioVersion = 10.0.40219.1
Project("{FAE04EC0-301F-11D3-BF4B-00C04F79EFBC}") = "Bai1_console_Cong2songuyen", "Bai1_console_Cong2songuyen.csproj", "{1E0DC826-14E6-4EDA-95D3-5315E51F3043}"
EndProject
Global
	GlobalSection(SolutionConfigurationPlatforms) = preSolution
		Debug|Any CPU = Debug|Any CPU
		Release|Any CPU = Release|Any CPU
	EndGlobalSection
	GlobalSection(ProjectConfigurationPlatforms) = postSolution
		{1E0DC826-14E6-4EDA-95D3-5315E51F3043}.Debug|Any CPU.ActiveCfg = Debug|Any CPU
		{1E0DC826-14E6-4EDA-95D3-5315E51F3043}.Debug|Any CPU.Build.0 = Debug|Any CPU
		{1E0DC826-14E6-4EDA-95D3-5315E51F3043}.Release|Any CPU.ActiveCfg = Release|Any CPU
		{1E0DC826-14E6-4EDA-95D3-5315E51F3043}.Release|Any CPU.Build.0 = Release|Any CPU
	EndGlobalSection
	GlobalSection(SolutionProperties) = preSolution
		HideSolutionNode = FALSE
	EndGlobalSection
	GlobalSection(ExtensibilityGlobals) = postSolution
		SolutionGuid = {3391DCF9-118D-42BD-9058-5940F5565292}
	EndGlobalSection
EndGlobal
